// !$*UTF8*$!
{
	archiveVersion = 1;
	classes = {
	};
	objectVersion = 46;
	objects = {

/* Begin PBXBuildFile section */
		1D3623260D0F684500981E51 /* ThreeByFiveAppDelegate.m in Sources */ = {isa = PBXBuildFile; fileRef = 1D3623250D0F684500981E51 /* ThreeByFiveAppDelegate.m */; };
		1D60589B0D05DD56006BFB54 /* main.m in Sources */ = {isa = PBXBuildFile; fileRef = 29B97316FDCFA39411CA2CEA /* main.m */; };
		1D60589F0D05DD5A006BFB54 /* Foundation.framework in Frameworks */ = {isa = PBXBuildFile; fileRef = 1D30AB110D05D00D00671497 /* Foundation.framework */; };
		1DF5F4E00D08C38300B7A737 /* UIKit.framework in Frameworks */ = {isa = PBXBuildFile; fileRef = 1DF5F4DF0D08C38300B7A737 /* UIKit.framework */; };
		288765A50DF7441C002DB57D /* CoreGraphics.framework in Frameworks */ = {isa = PBXBuildFile; fileRef = 288765A40DF7441C002DB57D /* CoreGraphics.framework */; };
		2899E5220DE3E06400AC0155 /* TableViewTestViewController.xib in Resources */ = {isa = PBXBuildFile; fileRef = 2899E5210DE3E06400AC0155 /* TableViewTestViewController.xib */; };
		28AD733F0D9D9553002E5188 /* MainWindow.xib in Resources */ = {isa = PBXBuildFile; fileRef = 28AD733E0D9D9553002E5188 /* MainWindow.xib */; };
		28D7ACF80DDB3853001CB0EB /* ThreeByFiveViewController.m in Sources */ = {isa = PBXBuildFile; fileRef = 28D7ACF70DDB3853001CB0EB /* ThreeByFiveViewController.m */; };
		E0839EA8126BF16A003F8301 /* StackOfCards.m in Sources */ = {isa = PBXBuildFile; fileRef = E0839EA7126BF16A003F8301 /* StackOfCards.m */; };
		E0C26EB61258375D0023DE2C /* TableViewController.m in Sources */ = {isa = PBXBuildFile; fileRef = E0C26EB41258375D0023DE2C /* TableViewController.m */; };
		E0C26EB71258375D0023DE2C /* TableViewController.xib in Resources */ = {isa = PBXBuildFile; fileRef = E0C26EB51258375D0023DE2C /* TableViewController.xib */; };
		E0C26EE212593A560023DE2C /* CardCell.m in Sources */ = {isa = PBXBuildFile; fileRef = E0C26EE112593A560023DE2C /* CardCell.m */; };
		E0C26F11125987030023DE2C /* 320x212card.png in Resources */ = {isa = PBXBuildFile; fileRef = E0C26F10125987030023DE2C /* 320x212card.png */; };
		E0C26F48125BE4E30023DE2C /* HeaderCell.m in Sources */ = {isa = PBXBuildFile; fileRef = E0C26F47125BE4E30023DE2C /* HeaderCell.m */; };
		E0C26FA2125BEF330023DE2C /* FooterCell.m in Sources */ = {isa = PBXBuildFile; fileRef = E0C26FA1125BEF330023DE2C /* FooterCell.m */; };
		E0C27047125EC7DA0023DE2C /* CardView.m in Sources */ = {isa = PBXBuildFile; fileRef = E0C27046125EC7DA0023DE2C /* CardView.m */; };
		E0C2704A125EC85D0023DE2C /* CardViewController.m in Sources */ = {isa = PBXBuildFile; fileRef = E0C27049125EC85D0023DE2C /* CardViewController.m */; };
		E0C271B012611CD60023DE2C /* 320x212 card shadow.png in Resources */ = {isa = PBXBuildFile; fileRef = E0C271AF12611CD60023DE2C /* 320x212 card shadow.png */; };
		E0C272A3126289670023DE2C /* CardEditView.m in Sources */ = {isa = PBXBuildFile; fileRef = E0C272A2126289670023DE2C /* CardEditView.m */; };
/* End PBXBuildFile section */

/* Begin PBXFileReference section */
		1D30AB110D05D00D00671497 /* Foundation.framework */ = {isa = PBXFileReference; lastKnownFileType = wrapper.framework; name = Foundation.framework; path = System/Library/Frameworks/Foundation.framework; sourceTree = SDKROOT; };
		1D3623240D0F684500981E51 /* ThreeByFiveAppDelegate.h */ = {isa = PBXFileReference; fileEncoding = 4; lastKnownFileType = sourcecode.c.h; path = ThreeByFiveAppDelegate.h; sourceTree = "<group>"; };
		1D3623250D0F684500981E51 /* ThreeByFiveAppDelegate.m */ = {isa = PBXFileReference; fileEncoding = 4; lastKnownFileType = sourcecode.c.objc; path = ThreeByFiveAppDelegate.m; sourceTree = "<group>"; };
		1D6058910D05DD3D006BFB54 /* 3x5.app */ = {isa = PBXFileReference; explicitFileType = wrapper.application; includeInIndex = 0; path = 3x5.app; sourceTree = BUILT_PRODUCTS_DIR; };
		1DF5F4DF0D08C38300B7A737 /* UIKit.framework */ = {isa = PBXFileReference; lastKnownFileType = wrapper.framework; name = UIKit.framework; path = System/Library/Frameworks/UIKit.framework; sourceTree = SDKROOT; };
		288765A40DF7441C002DB57D /* CoreGraphics.framework */ = {isa = PBXFileReference; lastKnownFileType = wrapper.framework; name = CoreGraphics.framework; path = System/Library/Frameworks/CoreGraphics.framework; sourceTree = SDKROOT; };
		2899E5210DE3E06400AC0155 /* TableViewTestViewController.xib */ = {isa = PBXFileReference; lastKnownFileType = file.xib; path = TableViewTestViewController.xib; sourceTree = "<group>"; };
		28AD733E0D9D9553002E5188 /* MainWindow.xib */ = {isa = PBXFileReference; lastKnownFileType = file.xib; path = MainWindow.xib; sourceTree = "<group>"; };
		28D7ACF60DDB3853001CB0EB /* ThreeByFiveViewController.h */ = {isa = PBXFileReference; fileEncoding = 4; lastKnownFileType = sourcecode.c.h; path = ThreeByFiveViewController.h; sourceTree = "<group>"; };
		28D7ACF70DDB3853001CB0EB /* ThreeByFiveViewController.m */ = {isa = PBXFileReference; fileEncoding = 4; lastKnownFileType = sourcecode.c.objc; path = ThreeByFiveViewController.m; sourceTree = "<group>"; };
		29B97316FDCFA39411CA2CEA /* main.m */ = {isa = PBXFileReference; fileEncoding = 4; lastKnownFileType = sourcecode.c.objc; path = main.m; sourceTree = "<group>"; };
		32CA4F630368D1EE00C91783 /* 3x5_Prefix.pch */ = {isa = PBXFileReference; fileEncoding = 4; lastKnownFileType = sourcecode.c.h; path = 3x5_Prefix.pch; sourceTree = "<group>"; };
		8D1107310486CEB800E47090 /* 3x5-Info.plist */ = {isa = PBXFileReference; fileEncoding = 4; lastKnownFileType = text.plist.xml; path = "3x5-Info.plist"; plistStructureDefinitionIdentifier = "com.apple.xcode.plist.structure-definition.iphone.info-plist"; sourceTree = "<group>"; };
		E0839EA6126BF16A003F8301 /* StackOfCards.h */ = {isa = PBXFileReference; fileEncoding = 4; lastKnownFileType = sourcecode.c.h; path = StackOfCards.h; sourceTree = "<group>"; };
		E0839EA7126BF16A003F8301 /* StackOfCards.m */ = {isa = PBXFileReference; fileEncoding = 4; lastKnownFileType = sourcecode.c.objc; path = StackOfCards.m; sourceTree = "<group>"; };
		E0C26EB31258375D0023DE2C /* TableViewController.h */ = {isa = PBXFileReference; fileEncoding = 4; lastKnownFileType = sourcecode.c.h; path = TableViewController.h; sourceTree = "<group>"; };
		E0C26EB41258375D0023DE2C /* TableViewController.m */ = {isa = PBXFileReference; fileEncoding = 4; lastKnownFileType = sourcecode.c.objc; path = TableViewController.m; sourceTree = "<group>"; };
		E0C26EB51258375D0023DE2C /* TableViewController.xib */ = {isa = PBXFileReference; lastKnownFileType = file.xib; name = TableViewController.xib; path = Classes/TableViewController.xib; sourceTree = "<group>"; };
		E0C26EE012593A560023DE2C /* CardCell.h */ = {isa = PBXFileReference; fileEncoding = 4; lastKnownFileType = sourcecode.c.h; path = CardCell.h; sourceTree = "<group>"; };
		E0C26EE112593A560023DE2C /* CardCell.m */ = {isa = PBXFileReference; fileEncoding = 4; lastKnownFileType = sourcecode.c.objc; path = CardCell.m; sourceTree = "<group>"; };
		E0C26F10125987030023DE2C /* 320x212card.png */ = {isa = PBXFileReference; lastKnownFileType = image.png; path = 320x212card.png; sourceTree = "<group>"; };
		E0C26F46125BE4E30023DE2C /* HeaderCell.h */ = {isa = PBXFileReference; fileEncoding = 4; lastKnownFileType = sourcecode.c.h; path = HeaderCell.h; sourceTree = "<group>"; };
		E0C26F47125BE4E30023DE2C /* HeaderCell.m */ = {isa = PBXFileReference; fileEncoding = 4; lastKnownFileType = sourcecode.c.objc; path = HeaderCell.m; sourceTree = "<group>"; };
		E0C26FA0125BEF330023DE2C /* FooterCell.h */ = {isa = PBXFileReference; fileEncoding = 4; lastKnownFileType = sourcecode.c.h; path = FooterCell.h; sourceTree = "<group>"; };
		E0C26FA1125BEF330023DE2C /* FooterCell.m */ = {isa = PBXFileReference; fileEncoding = 4; lastKnownFileType = sourcecode.c.objc; path = FooterCell.m; sourceTree = "<group>"; };
		E0C27045125EC7DA0023DE2C /* CardView.h */ = {isa = PBXFileReference; fileEncoding = 4; lastKnownFileType = sourcecode.c.h; path = CardView.h; sourceTree = "<group>"; };
		E0C27046125EC7DA0023DE2C /* CardView.m */ = {isa = PBXFileReference; fileEncoding = 4; lastKnownFileType = sourcecode.c.objc; path = CardView.m; sourceTree = "<group>"; };
		E0C27048125EC85D0023DE2C /* CardViewController.h */ = {isa = PBXFileReference; fileEncoding = 4; lastKnownFileType = sourcecode.c.h; path = CardViewController.h; sourceTree = "<group>"; };
		E0C27049125EC85D0023DE2C /* CardViewController.m */ = {isa = PBXFileReference; fileEncoding = 4; lastKnownFileType = sourcecode.c.objc; path = CardViewController.m; sourceTree = "<group>"; };
		E0C271AF12611CD60023DE2C /* 320x212 card shadow.png */ = {isa = PBXFileReference; lastKnownFileType = image.png; path = "320x212 card shadow.png"; sourceTree = "<group>"; };
		E0C272A1126289670023DE2C /* CardEditView.h */ = {isa = PBXFileReference; fileEncoding = 4; lastKnownFileType = sourcecode.c.h; path = CardEditView.h; sourceTree = "<group>"; };
		E0C272A2126289670023DE2C /* CardEditView.m */ = {isa = PBXFileReference; fileEncoding = 4; lastKnownFileType = sourcecode.c.objc; path = CardEditView.m; sourceTree = "<group>"; };
/* End PBXFileReference section */

/* Begin PBXFrameworksBuildPhase section */
		1D60588F0D05DD3D006BFB54 /* Frameworks */ = {
			isa = PBXFrameworksBuildPhase;
			buildActionMask = 2147483647;
			files = (
				1D60589F0D05DD5A006BFB54 /* Foundation.framework in Frameworks */,
				1DF5F4E00D08C38300B7A737 /* UIKit.framework in Frameworks */,
				288765A50DF7441C002DB57D /* CoreGraphics.framework in Frameworks */,
			);
			runOnlyForDeploymentPostprocessing = 0;
		};
/* End PBXFrameworksBuildPhase section */

/* Begin PBXGroup section */
		080E96DDFE201D6D7F000001 /* Classes */ = {
			isa = PBXGroup;
			children = (
				1D3623240D0F684500981E51 /* ThreeByFiveAppDelegate.h */,
				1D3623250D0F684500981E51 /* ThreeByFiveAppDelegate.m */,
				28D7ACF60DDB3853001CB0EB /* ThreeByFiveViewController.h */,
				28D7ACF70DDB3853001CB0EB /* ThreeByFiveViewController.m */,
				E0C26EB31258375D0023DE2C /* TableViewController.h */,
				E0C26EB41258375D0023DE2C /* TableViewController.m */,
				E0C26EE012593A560023DE2C /* CardCell.h */,
				E0C26EE112593A560023DE2C /* CardCell.m */,
				E0C26F46125BE4E30023DE2C /* HeaderCell.h */,
				E0C26F47125BE4E30023DE2C /* HeaderCell.m */,
				E0C26FA0125BEF330023DE2C /* FooterCell.h */,
				E0C26FA1125BEF330023DE2C /* FooterCell.m */,
				E0C27045125EC7DA0023DE2C /* CardView.h */,
				E0C27046125EC7DA0023DE2C /* CardView.m */,
				E0C27048125EC85D0023DE2C /* CardViewController.h */,
				E0C27049125EC85D0023DE2C /* CardViewController.m */,
				E0C272A1126289670023DE2C /* CardEditView.h */,
				E0C272A2126289670023DE2C /* CardEditView.m */,
				E0839EA6126BF16A003F8301 /* StackOfCards.h */,
				E0839EA7126BF16A003F8301 /* StackOfCards.m */,
			);
			path = Classes;
			sourceTree = "<group>";
		};
		19C28FACFE9D520D11CA2CBB /* Products */ = {
			isa = PBXGroup;
			children = (
				1D6058910D05DD3D006BFB54 /* 3x5.app */,
			);
			name = Products;
			sourceTree = "<group>";
		};
		29B97314FDCFA39411CA2CEA /* CustomTemplate */ = {
			isa = PBXGroup;
			children = (
				080E96DDFE201D6D7F000001 /* Classes */,
				29B97315FDCFA39411CA2CEA /* Other Sources */,
				29B97317FDCFA39411CA2CEA /* Resources */,
				29B97323FDCFA39411CA2CEA /* Frameworks */,
				19C28FACFE9D520D11CA2CBB /* Products */,
			);
			name = CustomTemplate;
			sourceTree = "<group>";
		};
		29B97315FDCFA39411CA2CEA /* Other Sources */ = {
			isa = PBXGroup;
			children = (
				32CA4F630368D1EE00C91783 /* 3x5_Prefix.pch */,
				29B97316FDCFA39411CA2CEA /* main.m */,
			);
			name = "Other Sources";
			sourceTree = "<group>";
		};
		29B97317FDCFA39411CA2CEA /* Resources */ = {
			isa = PBXGroup;
			children = (
				E0C271AF12611CD60023DE2C /* 320x212 card shadow.png */,
				E0C26F10125987030023DE2C /* 320x212card.png */,
				E0C26EB51258375D0023DE2C /* TableViewController.xib */,
				2899E5210DE3E06400AC0155 /* TableViewTestViewController.xib */,
				28AD733E0D9D9553002E5188 /* MainWindow.xib */,
				8D1107310486CEB800E47090 /* 3x5-Info.plist */,
			);
			name = Resources;
			sourceTree = "<group>";
		};
		29B97323FDCFA39411CA2CEA /* Frameworks */ = {
			isa = PBXGroup;
			children = (
				1DF5F4DF0D08C38300B7A737 /* UIKit.framework */,
				1D30AB110D05D00D00671497 /* Foundation.framework */,
				288765A40DF7441C002DB57D /* CoreGraphics.framework */,
			);
			name = Frameworks;
			sourceTree = "<group>";
		};
/* End PBXGroup section */

/* Begin PBXNativeTarget section */
		1D6058900D05DD3D006BFB54 /* 3x5 */ = {
			isa = PBXNativeTarget;
			buildConfigurationList = 1D6058960D05DD3E006BFB54 /* Build configuration list for PBXNativeTarget "3x5" */;
			buildPhases = (
				1D60588D0D05DD3D006BFB54 /* Resources */,
				1D60588E0D05DD3D006BFB54 /* Sources */,
				1D60588F0D05DD3D006BFB54 /* Frameworks */,
			);
			buildRules = (
			);
			dependencies = (
			);
			name = 3x5;
			productName = TableViewTest;
			productReference = 1D6058910D05DD3D006BFB54 /* 3x5.app */;
			productType = "com.apple.product-type.application";
		};
/* End PBXNativeTarget section */

/* Begin PBXProject section */
		29B97313FDCFA39411CA2CEA /* Project object */ = {
			isa = PBXProject;
			buildConfigurationList = C01FCF4E08A954540054247B /* Build configuration list for PBXProject "3x5" */;
			compatibilityVersion = "Xcode 3.2";
			developmentRegion = English;
			hasScannedForEncodings = 1;
			knownRegions = (
				English,
				Japanese,
				French,
				German,
			);
			mainGroup = 29B97314FDCFA39411CA2CEA /* CustomTemplate */;
			projectDirPath = "";
			projectRoot = "";
			targets = (
				1D6058900D05DD3D006BFB54 /* 3x5 */,
			);
		};
/* End PBXProject section */

/* Begin PBXResourcesBuildPhase section */
		1D60588D0D05DD3D006BFB54 /* Resources */ = {
			isa = PBXResourcesBuildPhase;
			buildActionMask = 2147483647;
			files = (
				28AD733F0D9D9553002E5188 /* MainWindow.xib in Resources */,
				2899E5220DE3E06400AC0155 /* TableViewTestViewController.xib in Resources */,
				E0C26EB71258375D0023DE2C /* TableViewController.xib in Resources */,
				E0C26F11125987030023DE2C /* 320x212card.png in Resources */,
				E0C271B012611CD60023DE2C /* 320x212 card shadow.png in Resources */,
			);
			runOnlyForDeploymentPostprocessing = 0;
		};
/* End PBXResourcesBuildPhase section */

/* Begin PBXSourcesBuildPhase section */
		1D60588E0D05DD3D006BFB54 /* Sources */ = {
			isa = PBXSourcesBuildPhase;
			buildActionMask = 2147483647;
			files = (
				1D60589B0D05DD56006BFB54 /* main.m in Sources */,
				1D3623260D0F684500981E51 /* ThreeByFiveAppDelegate.m in Sources */,
				28D7ACF80DDB3853001CB0EB /* ThreeByFiveViewController.m in Sources */,
				E0C26EB61258375D0023DE2C /* TableViewController.m in Sources */,
				E0C26EE212593A560023DE2C /* CardCell.m in Sources */,
				E0C26F48125BE4E30023DE2C /* HeaderCell.m in Sources */,
				E0C26FA2125BEF330023DE2C /* FooterCell.m in Sources */,
				E0C27047125EC7DA0023DE2C /* CardView.m in Sources */,
				E0C2704A125EC85D0023DE2C /* CardViewController.m in Sources */,
				E0C272A3126289670023DE2C /* CardEditView.m in Sources */,
				E0839EA8126BF16A003F8301 /* StackOfCards.m in Sources */,
			);
			runOnlyForDeploymentPostprocessing = 0;
		};
/* End PBXSourcesBuildPhase section */

/* Begin XCBuildConfiguration section */
		1D6058940D05DD3E006BFB54 /* Debug */ = {
			isa = XCBuildConfiguration;
			buildSettings = {
				ALWAYS_SEARCH_USER_PATHS = NO;
				COPY_PHASE_STRIP = NO;
				GCC_DYNAMIC_NO_PIC = NO;
				GCC_OPTIMIZATION_LEVEL = 0;
				GCC_PRECOMPILE_PREFIX_HEADER = YES;
				GCC_PREFIX_HEADER = 3x5_Prefix.pch;
				INFOPLIST_FILE = "3x5-Info.plist";
				PRODUCT_NAME = 3x5;
			};
			name = Debug;
		};
		1D6058950D05DD3E006BFB54 /* Release */ = {
			isa = XCBuildConfiguration;
			buildSettings = {
				ALWAYS_SEARCH_USER_PATHS = NO;
				COPY_PHASE_STRIP = YES;
				GCC_PRECOMPILE_PREFIX_HEADER = YES;
				GCC_PREFIX_HEADER = 3x5_Prefix.pch;
				INFOPLIST_FILE = "3x5-Info.plist";
				PRODUCT_NAME = 3x5;
				VALIDATE_PRODUCT = YES;
			};
			name = Release;
		};
		C01FCF4F08A954540054247B /* Debug */ = {
			isa = XCBuildConfiguration;
			buildSettings = {
				ARCHS = "$(ARCHS_STANDARD_32_BIT)";
				"CODE_SIGN_IDENTITY[sdk=iphoneos*]" = "iPhone Developer";
				GCC_C_LANGUAGE_STANDARD = c99;
				GCC_WARN_ABOUT_RETURN_TYPE = YES;
				GCC_WARN_UNUSED_VARIABLE = YES;
				PREBINDING = NO;
				SDKROOT = iphoneos4.2;
			};
			name = Debug;
		};
		C01FCF5008A954540054247B /* Release */ = {
			isa = XCBuildConfiguration;
			buildSettings = {
				ARCHS = "$(ARCHS_STANDARD_32_BIT)";
				"CODE_SIGN_IDENTITY[sdk=iphoneos*]" = "iPhone Developer";
				GCC_C_LANGUAGE_STANDARD = c99;
				GCC_WARN_ABOUT_RETURN_TYPE = YES;
				GCC_WARN_UNUSED_VARIABLE = YES;
				OTHER_CFLAGS = "-DNS_BLOCK_ASSERTIONS=1";
				PREBINDING = NO;
				SDKROOT = iphoneos4.2;
			};
			name = Release;
		};
/* End XCBuildConfiguration section */

/* Begin XCConfigurationList section */
		1D6058960D05DD3E006BFB54 /* Build configuration list for PBXNativeTarget "3x5" */ = {
			isa = XCConfigurationList;
			buildConfigurations = (
				1D6058940D05DD3E006BFB54 /* Debug */,
				1D6058950D05DD3E006BFB54 /* Release */,
			);
			defaultConfigurationIsVisible = 0;
			defaultConfigurationName = Release;
		};
		C01FCF4E08A954540054247B /* Build configuration list for PBXProject "3x5" */ = {
			isa = XCConfigurationList;
			buildConfigurations = (
				C01FCF4F08A954540054247B /* Debug */,
				C01FCF5008A954540054247B /* Release */,
			);
			defaultConfigurationIsVisible = 0;
			defaultConfigurationName = Release;
		};
/* End XCConfigurationList section */
	};
	rootObject = 29B97313FDCFA39411CA2CEA /* Project object */;
}
